github.com/jgthms/bulma v0.0.0-20220508134905-3e00a8e6d0d0 h1:d61c8CjPFq6aGikBXMepfewc8/3IbrTCiC1xHcMcvHI=
github.com/jgthms/bulma v0.0.0-20220508134905-3e00a8e6d0d0/go.mod h1:89FLBKXYFKfOKAoDeUT26V0pHGwzr205cMXAEqtAVOI=
github.com/jgthms/bulma v0.0.0-20250627162832-82c5f33b96e8 h1:7sEfy3zGkDCq8ahI5rtWI0RJEgCpZPuE/J/2gC2Fixw=
github.com/jgthms/bulma v0.0.0-20250627162832-82c5f33b96e8/go.mod h1:89FLBKXYFKfOKAoDeUT26V0pHGwzr205cMXAEqtAVOI=
